
Microsoft Visual Studio Solution File, Format Version 12.00
# Visual Studio Version 17
VisualStudioVersion = 17.1.32414.318
MinimumVisualStudioVersion = 10.0.40219.1
Project("{FAE04EC0-301F-11D3-BF4B-00C04F79EFBC}") = "WriteNSaveWebForm", "WebAPI\WriteNSaveWebForm.csproj", "{6056575D-728A-4831-99B9-7983C9DE7CF4}"
EndProject
Global
	GlobalSection(SolutionConfigurationPlatforms) = preSolution
		Debug|Any CPU = Debug|Any CPU
		Release|Any CPU = Release|Any CPU
	EndGlobalSection
	GlobalSection(ProjectConfigurationPlatforms) = postSolution
		{6056575D-728A-4831-99B9-7983C9DE7CF4}.Debug|Any CPU.ActiveCfg = Debug|Any CPU
		{6056575D-728A-4831-99B9-7983C9DE7CF4}.Debug|Any CPU.Build.0 = Debug|Any CPU
		{6056575D-728A-4831-99B9-7983C9DE7CF4}.Release|Any CPU.ActiveCfg = Release|Any CPU
		{6056575D-728A-4831-99B9-7983C9DE7CF4}.Release|Any CPU.Build.0 = Release|Any CPU
	EndGlobalSection
	GlobalSection(SolutionProperties) = preSolution
		HideSolutionNode = FALSE
	EndGlobalSection
	GlobalSection(ExtensibilityGlobals) = postSolution
		SolutionGuid = {3BB3BF92-647F-4766-B243-CDC07C65DEA7}
	EndGlobalSection
EndGlobal
